
Microsoft Visual Studio Solution File, Format Version 12.00
# Visual Studio Version 17
VisualStudioVersion = 17.6.33815.320
MinimumVisualStudioVersion = 10.0.40219.1
Project("{FAE04EC0-301F-11D3-BF4B-00C04F79EFBC}") = "Zadanie back", "Zadanie back.csproj", "{74611673-490C-4B85-B305-23D4F99D5E33}"
EndProject
Global
	GlobalSection(SolutionConfigurationPlatforms) = preSolution
		Debug|Any CPU = Debug|Any CPU
		Release|Any CPU = Release|Any CPU
	EndGlobalSection
	GlobalSection(ProjectConfigurationPlatforms) = postSolution
		{74611673-490C-4B85-B305-23D4F99D5E33}.Debug|Any CPU.ActiveCfg = Debug|Any CPU
		{74611673-490C-4B85-B305-23D4F99D5E33}.Debug|Any CPU.Build.0 = Debug|Any CPU
		{74611673-490C-4B85-B305-23D4F99D5E33}.Release|Any CPU.ActiveCfg = Release|Any CPU
		{74611673-490C-4B85-B305-23D4F99D5E33}.Release|Any CPU.Build.0 = Release|Any CPU
	EndGlobalSection
	GlobalSection(SolutionProperties) = preSolution
		HideSolutionNode = FALSE
	EndGlobalSection
	GlobalSection(ExtensibilityGlobals) = postSolution
		SolutionGuid = {7A4F28CF-CB29-4B58-953E-CA6AE3394DC0}
	EndGlobalSection
EndGlobal
